// !$*UTF8*$!
{
	archiveVersion = 1;
	classes = {
	};
	objectVersion = 46;
	objects = {

/* Begin PBXBuildFile section */
		BE114C151ADE1C9C002ECBD5 /* User.swift in Sources */ = {isa = PBXBuildFile; fileRef = BE114C141ADE1C9C002ECBD5 /* User.swift */; };
		BE3D669D1ADD5E6B005665D5 /* AppDelegate.swift in Sources */ = {isa = PBXBuildFile; fileRef = BE3D669C1ADD5E6B005665D5 /* AppDelegate.swift */; };
		BE3D66A01ADD5E6B005665D5 /* Jason_Scharff.xcdatamodeld in Sources */ = {isa = PBXBuildFile; fileRef = BE3D669E1ADD5E6B005665D5 /* Jason_Scharff.xcdatamodeld */; };
		BE3D66A21ADD5E6B005665D5 /* ViewController.swift in Sources */ = {isa = PBXBuildFile; fileRef = BE3D66A11ADD5E6B005665D5 /* ViewController.swift */; };
		BE3D66A51ADD5E6B005665D5 /* Main.storyboard in Resources */ = {isa = PBXBuildFile; fileRef = BE3D66A31ADD5E6B005665D5 /* Main.storyboard */; };
		BE3D66A71ADD5E6B005665D5 /* Images.xcassets in Resources */ = {isa = PBXBuildFile; fileRef = BE3D66A61ADD5E6B005665D5 /* Images.xcassets */; };
		BE3D66AA1ADD5E6B005665D5 /* LaunchScreen.xib in Resources */ = {isa = PBXBuildFile; fileRef = BE3D66A81ADD5E6B005665D5 /* LaunchScreen.xib */; };
		BE3D66B61ADD5E6B005665D5 /* Jason_ScharffTests.swift in Sources */ = {isa = PBXBuildFile; fileRef = BE3D66B51ADD5E6B005665D5 /* Jason_ScharffTests.swift */; };
		BE654B5A1AE1A8D30045175A /* URL.swift in Sources */ = {isa = PBXBuildFile; fileRef = BE654B591AE1A8D30045175A /* URL.swift */; };
		BE71B2F81AE461C700705BDF /* Hackathon.swift in Sources */ = {isa = PBXBuildFile; fileRef = BE71B2F71AE461C700705BDF /* Hackathon.swift */; };
		BE71B2FB1AE4621F00705BDF /* Education.swift in Sources */ = {isa = PBXBuildFile; fileRef = BE71B2FA1AE4621F00705BDF /* Education.swift */; };
		BE71B2FD1AE4623400705BDF /* Work.swift in Sources */ = {isa = PBXBuildFile; fileRef = BE71B2FC1AE4623400705BDF /* Work.swift */; };
		BE71B2FF1AE4626200705BDF /* Contact.swift in Sources */ = {isa = PBXBuildFile; fileRef = BE71B2FE1AE4626200705BDF /* Contact.swift */; };
		BE71B3011AE47CBF00705BDF /* TechCrunch.swift in Sources */ = {isa = PBXBuildFile; fileRef = BE71B3001AE47CBF00705BDF /* TechCrunch.swift */; };
		BE71B3031AE47CC700705BDF /* PennApps.swift in Sources */ = {isa = PBXBuildFile; fileRef = BE71B3021AE47CC700705BDF /* PennApps.swift */; };
		BE71B3051AE47CD100705BDF /* HSHacks.swift in Sources */ = {isa = PBXBuildFile; fileRef = BE71B3041AE47CD100705BDF /* HSHacks.swift */; };
		BE8031A81AE9FF95007EA768 /* PauseButton.png in Resources */ = {isa = PBXBuildFile; fileRef = BE8031A71AE9FF95007EA768 /* PauseButton.png */; };
		BE8031AA1AE9FFA7007EA768 /* PlayButton.png in Resources */ = {isa = PBXBuildFile; fileRef = BE8031A91AE9FFA7007EA768 /* PlayButton.png */; };
		BE852CAF1AED54BA00838D35 /* UserAddedView.swift in Sources */ = {isa = PBXBuildFile; fileRef = BE852CAE1AED54BA00838D35 /* UserAddedView.swift */; };
		BE852CB31AED595E00838D35 /* AddStageOne.swift in Sources */ = {isa = PBXBuildFile; fileRef = BE852CB21AED595E00838D35 /* AddStageOne.swift */; };
		BE852CB51AED5FC600838D35 /* UserView.swift in Sources */ = {isa = PBXBuildFile; fileRef = BE852CB41AED5FC600838D35 /* UserView.swift */; };
		BE852CB71AED770500838D35 /* AddStageTwo.swift in Sources */ = {isa = PBXBuildFile; fileRef = BE852CB61AED770500838D35 /* AddStageTwo.swift */; };
		BE852CB91AED846000838D35 /* AddUser.swift in Sources */ = {isa = PBXBuildFile; fileRef = BE852CB81AED846000838D35 /* AddUser.swift */; };
		BE852CBB1AEDA4F500838D35 /* CustomViewObject.swift in Sources */ = {isa = PBXBuildFile; fileRef = BE852CBA1AEDA4F500838D35 /* CustomViewObject.swift */; };
		BEAF913B1AE5444100C4C897 /* SpecificHackathon.swift in Sources */ = {isa = PBXBuildFile; fileRef = BEAF913A1AE5444100C4C897 /* SpecificHackathon.swift */; };
		BEB73BB01AE8B54D0098D370 /* AVFoundation.framework in Frameworks */ = {isa = PBXBuildFile; fileRef = BEB73BAF1AE8B54D0098D370 /* AVFoundation.framework */; };
		BEB73BB21AE8B5EA0098D370 /* MediaPlayer.framework in Frameworks */ = {isa = PBXBuildFile; fileRef = BEB73BB11AE8B5EA0098D370 /* MediaPlayer.framework */; };
		BEB73BB61AE9354A0098D370 /* VideoPlayer.swift in Sources */ = {isa = PBXBuildFile; fileRef = BEB73BB51AE9354A0098D370 /* VideoPlayer.swift */; };
		BEDC5C281ADF6D4C0086F03C /* Profile.swift in Sources */ = {isa = PBXBuildFile; fileRef = BEDC5C271ADF6D4C0086F03C /* Profile.swift */; };
		BEE0DEBC1AEC4AF9008ABCD2 /* droneBuddy.mp4 in Resources */ = {isa = PBXBuildFile; fileRef = BEE0DEBB1AEC4AC1008ABCD2 /* droneBuddy.mp4 */; };
		BEE0DEBE1AEC5568008ABCD2 /* jockulus.mp4 in Resources */ = {isa = PBXBuildFile; fileRef = BEE0DEBD1AEC5557008ABCD2 /* jockulus.mp4 */; };
		BEE0DEC41AEC58F0008ABCD2 /* Link.swift in Sources */ = {isa = PBXBuildFile; fileRef = BEE0DEC31AEC58F0008ABCD2 /* Link.swift */; };
		BEE0DEC61AEC5CDD008ABCD2 /* WebView.swift in Sources */ = {isa = PBXBuildFile; fileRef = BEE0DEC51AEC5CDD008ABCD2 /* WebView.swift */; };
		BEE0DEC81AEC74D6008ABCD2 /* menlo_logo.jpg in Resources */ = {isa = PBXBuildFile; fileRef = BEE0DEC71AEC74D6008ABCD2 /* menlo_logo.jpg */; };
		BEE0DECA1AEC83D4008ABCD2 /* Entefy.swift in Sources */ = {isa = PBXBuildFile; fileRef = BEE0DEC91AEC83D4008ABCD2 /* Entefy.swift */; };
		BEE0DECC1AEC8816008ABCD2 /* Tinera.swift in Sources */ = {isa = PBXBuildFile; fileRef = BEE0DECB1AEC8816008ABCD2 /* Tinera.swift */; };
		BEE0DECE1AEC8842008ABCD2 /* GeniusBar.swift in Sources */ = {isa = PBXBuildFile; fileRef = BEE0DECD1AEC8842008ABCD2 /* GeniusBar.swift */; };
		BEE0DED01AEC8914008ABCD2 /* entefy.png in Resources */ = {isa = PBXBuildFile; fileRef = BEE0DECF1AEC8914008ABCD2 /* entefy.png */; };
		BEE0DED41AEC8E4C008ABCD2 /* WorkPlace.swift in Sources */ = {isa = PBXBuildFile; fileRef = BEE0DED31AEC8E4C008ABCD2 /* WorkPlace.swift */; };
		BEE0DED61AEC91E5008ABCD2 /* tineraLogo.png in Resources */ = {isa = PBXBuildFile; fileRef = BEE0DED51AEC91E5008ABCD2 /* tineraLogo.png */; };
		BEE0DED81AEC96A5008ABCD2 /* tineraDemo.mov in Resources */ = {isa = PBXBuildFile; fileRef = BEE0DED71AEC96A5008ABCD2 /* tineraDemo.mov */; };
		BEE0DEDA1AEC98D9008ABCD2 /* Volunteer.swift in Sources */ = {isa = PBXBuildFile; fileRef = BEE0DED91AEC98D9008ABCD2 /* Volunteer.swift */; };
		BEE0DEDC1AEC99BA008ABCD2 /* Scholars4Scholars.swift in Sources */ = {isa = PBXBuildFile; fileRef = BEE0DEDB1AEC99BA008ABCD2 /* Scholars4Scholars.swift */; };
		BEE0DEDE1AEC99C3008ABCD2 /* TeenFoundation.swift in Sources */ = {isa = PBXBuildFile; fileRef = BEE0DEDD1AEC99C3008ABCD2 /* TeenFoundation.swift */; };
		BEE0DEE01AEC9AF5008ABCD2 /* jtf_logo.jpg in Resources */ = {isa = PBXBuildFile; fileRef = BEE0DEDF1AEC9AF5008ABCD2 /* jtf_logo.jpg */; };
		BEE0DEE21AEC9B97008ABCD2 /* s4s_logo.png in Resources */ = {isa = PBXBuildFile; fileRef = BEE0DEE11AEC9B97008ABCD2 /* s4s_logo.png */; };
		BEE0DEE41AECA3C2008ABCD2 /* Linkedin.png in Resources */ = {isa = PBXBuildFile; fileRef = BEE0DEE31AECA3C2008ABCD2 /* Linkedin.png */; };
		BEE0DEEA1AECA6B0008ABCD2 /* mail.png in Resources */ = {isa = PBXBuildFile; fileRef = BEE0DEE91AECA6B0008ABCD2 /* mail.png */; };
		BEE0DEEC1AECB0C8008ABCD2 /* phone.png in Resources */ = {isa = PBXBuildFile; fileRef = BEE0DEEB1AECB0C8008ABCD2 /* phone.png */; };
		BEE0DEEE1AECB2B9008ABCD2 /* github.jpg in Resources */ = {isa = PBXBuildFile; fileRef = BEE0DEED1AECB2B9008ABCD2 /* github.jpg */; };
		BEE5A25E1AE7E55600F8B48F /* TTTAttributedLabel.m in Sources */ = {isa = PBXBuildFile; fileRef = BEE5A25D1AE7E55600F8B48F /* TTTAttributedLabel.m */; };
		BEEF6F9A1AE1833200FB4F9B /* CircleButton.swift in Sources */ = {isa = PBXBuildFile; fileRef = BEEF6F991AE1833200FB4F9B /* CircleButton.swift */; };
		BEFE057E1AE4B497004313B8 /* hshacks.png in Resources */ = {isa = PBXBuildFile; fileRef = BEFE057B1AE4B497004313B8 /* hshacks.png */; };
		BEFE057F1AE4B497004313B8 /* pennapps.png in Resources */ = {isa = PBXBuildFile; fileRef = BEFE057C1AE4B497004313B8 /* pennapps.png */; };
		BEFE05801AE4B497004313B8 /* techcrunch.png in Resources */ = {isa = PBXBuildFile; fileRef = BEFE057D1AE4B497004313B8 /* techcrunch.png */; };
/* End PBXBuildFile section */

/* Begin PBXContainerItemProxy section */
		BE3D66B01ADD5E6B005665D5 /* PBXContainerItemProxy */ = {
			isa = PBXContainerItemProxy;
			containerPortal = BE3D668F1ADD5E6B005665D5 /* Project object */;
			proxyType = 1;
			remoteGlobalIDString = BE3D66961ADD5E6B005665D5;
			remoteInfo = "Jason Scharff";
		};
/* End PBXContainerItemProxy section */

/* Begin PBXFileReference section */
		BE114C141ADE1C9C002ECBD5 /* User.swift */ = {isa = PBXFileReference; fileEncoding = 4; lastKnownFileType = sourcecode.swift; path = User.swift; sourceTree = "<group>"; };
		BE3D66971ADD5E6B005665D5 /* Jason Scharff.app */ = {isa = PBXFileReference; explicitFileType = wrapper.application; includeInIndex = 0; path = "Jason Scharff.app"; sourceTree = BUILT_PRODUCTS_DIR; };
		BE3D669B1ADD5E6B005665D5 /* Info.plist */ = {isa = PBXFileReference; lastKnownFileType = text.plist.xml; path = Info.plist; sourceTree = "<group>"; };
		BE3D669C1ADD5E6B005665D5 /* AppDelegate.swift */ = {isa = PBXFileReference; lastKnownFileType = sourcecode.swift; path = AppDelegate.swift; sourceTree = "<group>"; };
		BE3D669F1ADD5E6B005665D5 /* Jason_Scharff.xcdatamodel */ = {isa = PBXFileReference; lastKnownFileType = wrapper.xcdatamodel; path = Jason_Scharff.xcdatamodel; sourceTree = "<group>"; };
		BE3D66A11ADD5E6B005665D5 /* ViewController.swift */ = {isa = PBXFileReference; lastKnownFileType = sourcecode.swift; path = ViewController.swift; sourceTree = "<group>"; };
		BE3D66A41ADD5E6B005665D5 /* Base */ = {isa = PBXFileReference; lastKnownFileType = file.storyboard; name = Base; path = Base.lproj/Main.storyboard; sourceTree = "<group>"; };
		BE3D66A61ADD5E6B005665D5 /* Images.xcassets */ = {isa = PBXFileReference; lastKnownFileType = folder.assetcatalog; path = Images.xcassets; sourceTree = "<group>"; };
		BE3D66A91ADD5E6B005665D5 /* Base */ = {isa = PBXFileReference; lastKnownFileType = file.xib; name = Base; path = Base.lproj/LaunchScreen.xib; sourceTree = "<group>"; };
		BE3D66AF1ADD5E6B005665D5 /* Jason ScharffTests.xctest */ = {isa = PBXFileReference; explicitFileType = wrapper.cfbundle; includeInIndex = 0; path = "Jason ScharffTests.xctest"; sourceTree = BUILT_PRODUCTS_DIR; };
		BE3D66B41ADD5E6B005665D5 /* Info.plist */ = {isa = PBXFileReference; lastKnownFileType = text.plist.xml; path = Info.plist; sourceTree = "<group>"; };
		BE3D66B51ADD5E6B005665D5 /* Jason_ScharffTests.swift */ = {isa = PBXFileReference; lastKnownFileType = sourcecode.swift; path = Jason_ScharffTests.swift; sourceTree = "<group>"; };
		BE654B591AE1A8D30045175A /* URL.swift */ = {isa = PBXFileReference; fileEncoding = 4; lastKnownFileType = sourcecode.swift; path = URL.swift; sourceTree = "<group>"; };
		BE71B2F71AE461C700705BDF /* Hackathon.swift */ = {isa = PBXFileReference; fileEncoding = 4; lastKnownFileType = sourcecode.swift; path = Hackathon.swift; sourceTree = "<group>"; };
		BE71B2FA1AE4621F00705BDF /* Education.swift */ = {isa = PBXFileReference; fileEncoding = 4; lastKnownFileType = sourcecode.swift; path = Education.swift; sourceTree = "<group>"; };
		BE71B2FC1AE4623400705BDF /* Work.swift */ = {isa = PBXFileReference; fileEncoding = 4; lastKnownFileType = sourcecode.swift; path = Work.swift; sourceTree = "<group>"; };
		BE71B2FE1AE4626200705BDF /* Contact.swift */ = {isa = PBXFileReference; fileEncoding = 4; lastKnownFileType = sourcecode.swift; path = Contact.swift; sourceTree = "<group>"; };
		BE71B3001AE47CBF00705BDF /* TechCrunch.swift */ = {isa = PBXFileReference; fileEncoding = 4; lastKnownFileType = sourcecode.swift; path = TechCrunch.swift; sourceTree = "<group>"; };
		BE71B3021AE47CC700705BDF /* PennApps.swift */ = {isa = PBXFileReference; fileEncoding = 4; lastKnownFileType = sourcecode.swift; path = PennApps.swift; sourceTree = "<group>"; };
		BE71B3041AE47CD100705BDF /* HSHacks.swift */ = {isa = PBXFileReference; fileEncoding = 4; lastKnownFileType = sourcecode.swift; path = HSHacks.swift; sourceTree = "<group>"; };
		BE8031A71AE9FF95007EA768 /* PauseButton.png */ = {isa = PBXFileReference; lastKnownFileType = image.png; path = PauseButton.png; sourceTree = "<group>"; };
		BE8031A91AE9FFA7007EA768 /* PlayButton.png */ = {isa = PBXFileReference; lastKnownFileType = image.png; path = PlayButton.png; sourceTree = "<group>"; };
		BE852CAE1AED54BA00838D35 /* UserAddedView.swift */ = {isa = PBXFileReference; fileEncoding = 4; lastKnownFileType = sourcecode.swift; path = UserAddedView.swift; sourceTree = "<group>"; };
		BE852CB21AED595E00838D35 /* AddStageOne.swift */ = {isa = PBXFileReference; fileEncoding = 4; lastKnownFileType = sourcecode.swift; path = AddStageOne.swift; sourceTree = "<group>"; };
		BE852CB41AED5FC600838D35 /* UserView.swift */ = {isa = PBXFileReference; fileEncoding = 4; lastKnownFileType = sourcecode.swift; path = UserView.swift; sourceTree = "<group>"; };
		BE852CB61AED770500838D35 /* AddStageTwo.swift */ = {isa = PBXFileReference; fileEncoding = 4; lastKnownFileType = sourcecode.swift; path = AddStageTwo.swift; sourceTree = "<group>"; };
		BE852CB81AED846000838D35 /* AddUser.swift */ = {isa = PBXFileReference; fileEncoding = 4; lastKnownFileType = sourcecode.swift; path = AddUser.swift; sourceTree = "<group>"; };
		BE852CBA1AEDA4F500838D35 /* CustomViewObject.swift */ = {isa = PBXFileReference; fileEncoding = 4; lastKnownFileType = sourcecode.swift; path = CustomViewObject.swift; sourceTree = "<group>"; };
		BEAF913A1AE5444100C4C897 /* SpecificHackathon.swift */ = {isa = PBXFileReference; fileEncoding = 4; lastKnownFileType = sourcecode.swift; path = SpecificHackathon.swift; sourceTree = "<group>"; };
		BEB73BAF1AE8B54D0098D370 /* AVFoundation.framework */ = {isa = PBXFileReference; lastKnownFileType = wrapper.framework; name = AVFoundation.framework; path = System/Library/Frameworks/AVFoundation.framework; sourceTree = SDKROOT; };
		BEB73BB11AE8B5EA0098D370 /* MediaPlayer.framework */ = {isa = PBXFileReference; lastKnownFileType = wrapper.framework; name = MediaPlayer.framework; path = System/Library/Frameworks/MediaPlayer.framework; sourceTree = SDKROOT; };
		BEB73BB51AE9354A0098D370 /* VideoPlayer.swift */ = {isa = PBXFileReference; fileEncoding = 4; lastKnownFileType = sourcecode.swift; path = VideoPlayer.swift; sourceTree = "<group>"; };
		BEDC5C271ADF6D4C0086F03C /* Profile.swift */ = {isa = PBXFileReference; fileEncoding = 4; lastKnownFileType = sourcecode.swift; path = Profile.swift; sourceTree = "<group>"; };
		BEE0DEBB1AEC4AC1008ABCD2 /* droneBuddy.mp4 */ = {isa = PBXFileReference; lastKnownFileType = file; path = droneBuddy.mp4; sourceTree = "<group>"; };
		BEE0DEBD1AEC5557008ABCD2 /* jockulus.mp4 */ = {isa = PBXFileReference; lastKnownFileType = file; path = jockulus.mp4; sourceTree = "<group>"; };
		BEE0DEC31AEC58F0008ABCD2 /* Link.swift */ = {isa = PBXFileReference; fileEncoding = 4; lastKnownFileType = sourcecode.swift; path = Link.swift; sourceTree = "<group>"; };
		BEE0DEC51AEC5CDD008ABCD2 /* WebView.swift */ = {isa = PBXFileReference; fileEncoding = 4; lastKnownFileType = sourcecode.swift; path = WebView.swift; sourceTree = "<group>"; };
		BEE0DEC71AEC74D6008ABCD2 /* menlo_logo.jpg */ = {isa = PBXFileReference; lastKnownFileType = image.jpeg; path = menlo_logo.jpg; sourceTree = "<group>"; };
		BEE0DEC91AEC83D4008ABCD2 /* Entefy.swift */ = {isa = PBXFileReference; fileEncoding = 4; lastKnownFileType = sourcecode.swift; path = Entefy.swift; sourceTree = "<group>"; };
		BEE0DECB1AEC8816008ABCD2 /* Tinera.swift */ = {isa = PBXFileReference; fileEncoding = 4; lastKnownFileType = sourcecode.swift; path = Tinera.swift; sourceTree = "<group>"; };
		BEE0DECD1AEC8842008ABCD2 /* GeniusBar.swift */ = {isa = PBXFileReference; fileEncoding = 4; lastKnownFileType = sourcecode.swift; path = GeniusBar.swift; sourceTree = "<group>"; };
		BEE0DECF1AEC8914008ABCD2 /* entefy.png */ = {isa = PBXFileReference; lastKnownFileType = image.png; path = entefy.png; sourceTree = "<group>"; };
		BEE0DED31AEC8E4C008ABCD2 /* WorkPlace.swift */ = {isa = PBXFileReference; fileEncoding = 4; lastKnownFileType = sourcecode.swift; path = WorkPlace.swift; sourceTree = "<group>"; };
		BEE0DED51AEC91E5008ABCD2 /* tineraLogo.png */ = {isa = PBXFileReference; lastKnownFileType = image.png; path = tineraLogo.png; sourceTree = "<group>"; };
		BEE0DED71AEC96A5008ABCD2 /* tineraDemo.mov */ = {isa = PBXFileReference; lastKnownFileType = video.quicktime; path = tineraDemo.mov; sourceTree = "<group>"; };
		BEE0DED91AEC98D9008ABCD2 /* Volunteer.swift */ = {isa = PBXFileReference; fileEncoding = 4; lastKnownFileType = sourcecode.swift; path = Volunteer.swift; sourceTree = "<group>"; };
		BEE0DEDB1AEC99BA008ABCD2 /* Scholars4Scholars.swift */ = {isa = PBXFileReference; fileEncoding = 4; lastKnownFileType = sourcecode.swift; path = Scholars4Scholars.swift; sourceTree = "<group>"; };
		BEE0DEDD1AEC99C3008ABCD2 /* TeenFoundation.swift */ = {isa = PBXFileReference; fileEncoding = 4; lastKnownFileType = sourcecode.swift; path = TeenFoundation.swift; sourceTree = "<group>"; };
		BEE0DEDF1AEC9AF5008ABCD2 /* jtf_logo.jpg */ = {isa = PBXFileReference; lastKnownFileType = image.jpeg; path = jtf_logo.jpg; sourceTree = "<group>"; };
		BEE0DEE11AEC9B97008ABCD2 /* s4s_logo.png */ = {isa = PBXFileReference; lastKnownFileType = image.png; path = s4s_logo.png; sourceTree = "<group>"; };
		BEE0DEE31AECA3C2008ABCD2 /* Linkedin.png */ = {isa = PBXFileReference; lastKnownFileType = image.png; path = Linkedin.png; sourceTree = "<group>"; };
		BEE0DEE91AECA6B0008ABCD2 /* mail.png */ = {isa = PBXFileReference; lastKnownFileType = image.png; path = mail.png; sourceTree = "<group>"; };
		BEE0DEEB1AECB0C8008ABCD2 /* phone.png */ = {isa = PBXFileReference; lastKnownFileType = image.png; path = phone.png; sourceTree = "<group>"; };
		BEE0DEED1AECB2B9008ABCD2 /* github.jpg */ = {isa = PBXFileReference; lastKnownFileType = image.jpeg; path = github.jpg; sourceTree = "<group>"; };
		BEE5A2571AE7E47B00F8B48F /* Jason Scharff-Bridging-Header.h */ = {isa = PBXFileReference; lastKnownFileType = sourcecode.c.h; path = "Jason Scharff-Bridging-Header.h"; sourceTree = "<group>"; };
		BEE5A25C1AE7E55600F8B48F /* TTTAttributedLabel.h */ = {isa = PBXFileReference; fileEncoding = 4; lastKnownFileType = sourcecode.c.h; path = TTTAttributedLabel.h; sourceTree = "<group>"; };
		BEE5A25D1AE7E55600F8B48F /* TTTAttributedLabel.m */ = {isa = PBXFileReference; fileEncoding = 4; lastKnownFileType = sourcecode.c.objc; path = TTTAttributedLabel.m; sourceTree = "<group>"; };
		BEEF6F991AE1833200FB4F9B /* CircleButton.swift */ = {isa = PBXFileReference; fileEncoding = 4; lastKnownFileType = sourcecode.swift; path = CircleButton.swift; sourceTree = "<group>"; };
		BEFE057B1AE4B497004313B8 /* hshacks.png */ = {isa = PBXFileReference; lastKnownFileType = image.png; path = hshacks.png; sourceTree = "<group>"; };
		BEFE057C1AE4B497004313B8 /* pennapps.png */ = {isa = PBXFileReference; lastKnownFileType = image.png; path = pennapps.png; sourceTree = "<group>"; };
		BEFE057D1AE4B497004313B8 /* techcrunch.png */ = {isa = PBXFileReference; lastKnownFileType = image.png; path = techcrunch.png; sourceTree = "<group>"; };
/* End PBXFileReference section */

/* Begin PBXFrameworksBuildPhase section */
		BE3D66941ADD5E6B005665D5 /* Frameworks */ = {
			isa = PBXFrameworksBuildPhase;
			buildActionMask = 2147483647;
			files = (
				BEB73BB21AE8B5EA0098D370 /* MediaPlayer.framework in Frameworks */,
				BEB73BB01AE8B54D0098D370 /* AVFoundation.framework in Frameworks */,
			);
			runOnlyForDeploymentPostprocessing = 0;
		};
		BE3D66AC1ADD5E6B005665D5 /* Frameworks */ = {
			isa = PBXFrameworksBuildPhase;
			buildActionMask = 2147483647;
			files = (
			);
			runOnlyForDeploymentPostprocessing = 0;
		};
/* End PBXFrameworksBuildPhase section */

/* Begin PBXGroup section */
		BE3D668E1ADD5E6B005665D5 = {
			isa = PBXGroup;
			children = (
				BEB73BB11AE8B5EA0098D370 /* MediaPlayer.framework */,
				BEB73BAF1AE8B54D0098D370 /* AVFoundation.framework */,
				BEE5A25B1AE7E48D00F8B48F /* Third Party */,
				BE3D66991ADD5E6B005665D5 /* Jason Scharff */,
				BE3D66B21ADD5E6B005665D5 /* Jason ScharffTests */,
				BE3D66981ADD5E6B005665D5 /* Products */,
				BEFE05811AE4B49C004313B8 /* Images */,
				BEE5A2571AE7E47B00F8B48F /* Jason Scharff-Bridging-Header.h */,
				BEE0DED71AEC96A5008ABCD2 /* tineraDemo.mov */,
				BEE0DEBD1AEC5557008ABCD2 /* jockulus.mp4 */,
				BEE0DEBB1AEC4AC1008ABCD2 /* droneBuddy.mp4 */,
			);
			sourceTree = "<group>";
		};
		BE3D66981ADD5E6B005665D5 /* Products */ = {
			isa = PBXGroup;
			children = (
				BE3D66971ADD5E6B005665D5 /* Jason Scharff.app */,
				BE3D66AF1ADD5E6B005665D5 /* Jason ScharffTests.xctest */,
			);
			name = Products;
			sourceTree = "<group>";
		};
		BE3D66991ADD5E6B005665D5 /* Jason Scharff */ = {
			isa = PBXGroup;
			children = (
				BEE0DEC31AEC58F0008ABCD2 /* Link.swift */,
				BEE0DEC51AEC5CDD008ABCD2 /* WebView.swift */,
				BEB73BB51AE9354A0098D370 /* VideoPlayer.swift */,
				BEEF6F991AE1833200FB4F9B /* CircleButton.swift */,
				BE3D669C1ADD5E6B005665D5 /* AppDelegate.swift */,
				BE3D66A11ADD5E6B005665D5 /* ViewController.swift */,
				BE852CB81AED846000838D35 /* AddUser.swift */,
				BE114C141ADE1C9C002ECBD5 /* User.swift */,
				BEDC5C271ADF6D4C0086F03C /* Profile.swift */,
				BE852CB41AED5FC600838D35 /* UserView.swift */,
				BE852CB21AED595E00838D35 /* AddStageOne.swift */,
				BE852CB61AED770500838D35 /* AddStageTwo.swift */,
				BE852CAE1AED54BA00838D35 /* UserAddedView.swift */,
				BE852CBA1AEDA4F500838D35 /* CustomViewObject.swift */,
				BE654B591AE1A8D30045175A /* URL.swift */,
				BE71B2F91AE461E500705BDF /* Jason Specific */,
				BE3D66A31ADD5E6B005665D5 /* Main.storyboard */,
				BE3D66A61ADD5E6B005665D5 /* Images.xcassets */,
				BE3D66A81ADD5E6B005665D5 /* LaunchScreen.xib */,
				BE3D669E1ADD5E6B005665D5 /* Jason_Scharff.xcdatamodeld */,
				BE3D669A1ADD5E6B005665D5 /* Supporting Files */,
			);
			path = "Jason Scharff";
			sourceTree = "<group>";
		};
		BE3D669A1ADD5E6B005665D5 /* Supporting Files */ = {
			isa = PBXGroup;
			children = (
				BE3D669B1ADD5E6B005665D5 /* Info.plist */,
			);
			name = "Supporting Files";
			sourceTree = "<group>";
		};
		BE3D66B21ADD5E6B005665D5 /* Jason ScharffTests */ = {
			isa = PBXGroup;
			children = (
				BE3D66B51ADD5E6B005665D5 /* Jason_ScharffTests.swift */,
				BE3D66B31ADD5E6B005665D5 /* Supporting Files */,
			);
			path = "Jason ScharffTests";
			sourceTree = "<group>";
		};
		BE3D66B31ADD5E6B005665D5 /* Supporting Files */ = {
			isa = PBXGroup;
			children = (
				BE3D66B41ADD5E6B005665D5 /* Info.plist */,
			);
			name = "Supporting Files";
			sourceTree = "<group>";
		};
		BE71B2F91AE461E500705BDF /* Jason Specific */ = {
			isa = PBXGroup;
			children = (
				BEE0DED91AEC98D9008ABCD2 /* Volunteer.swift */,
				BEE0DEDB1AEC99BA008ABCD2 /* Scholars4Scholars.swift */,
				BEE0DEDD1AEC99C3008ABCD2 /* TeenFoundation.swift */,
				BE71B2F71AE461C700705BDF /* Hackathon.swift */,
				BE71B3001AE47CBF00705BDF /* TechCrunch.swift */,
				BEAF913A1AE5444100C4C897 /* SpecificHackathon.swift */,
				BE71B3021AE47CC700705BDF /* PennApps.swift */,
				BE71B3041AE47CD100705BDF /* HSHacks.swift */,
				BE71B2FA1AE4621F00705BDF /* Education.swift */,
				BE71B2FC1AE4623400705BDF /* Work.swift */,
				BEE0DECB1AEC8816008ABCD2 /* Tinera.swift */,
				BEE0DECD1AEC8842008ABCD2 /* GeniusBar.swift */,
				BEE0DED31AEC8E4C008ABCD2 /* WorkPlace.swift */,
				BEE0DEC91AEC83D4008ABCD2 /* Entefy.swift */,
				BE71B2FE1AE4626200705BDF /* Contact.swift */,
			);
			name = "Jason Specific";
			sourceTree = "<group>";
		};
		BEE5A25B1AE7E48D00F8B48F /* Third Party */ = {
			isa = PBXGroup;
			children = (
				BEE5A25C1AE7E55600F8B48F /* TTTAttributedLabel.h */,
				BEE5A25D1AE7E55600F8B48F /* TTTAttributedLabel.m */,
			);
			name = "Third Party";
			sourceTree = "<group>";
		};
		BEFE05811AE4B49C004313B8 /* Images */ = {
			isa = PBXGroup;
			children = (
				BEE0DEED1AECB2B9008ABCD2 /* github.jpg */,
				BEE0DEEB1AECB0C8008ABCD2 /* phone.png */,
				BEE0DEE91AECA6B0008ABCD2 /* mail.png */,
				BEE0DEE31AECA3C2008ABCD2 /* Linkedin.png */,
				BEE0DEE11AEC9B97008ABCD2 /* s4s_logo.png */,
				BEE0DEDF1AEC9AF5008ABCD2 /* jtf_logo.jpg */,
				BEE0DED51AEC91E5008ABCD2 /* tineraLogo.png */,
				BEE0DECF1AEC8914008ABCD2 /* entefy.png */,
				BEE0DEC71AEC74D6008ABCD2 /* menlo_logo.jpg */,
				BE8031A91AE9FFA7007EA768 /* PlayButton.png */,
				BE8031A71AE9FF95007EA768 /* PauseButton.png */,
				BEFE057B1AE4B497004313B8 /* hshacks.png */,
				BEFE057C1AE4B497004313B8 /* pennapps.png */,
				BEFE057D1AE4B497004313B8 /* techcrunch.png */,
			);
			name = Images;
			sourceTree = "<group>";
		};
/* End PBXGroup section */

/* Begin PBXNativeTarget section */
		BE3D66961ADD5E6B005665D5 /* Jason Scharff */ = {
			isa = PBXNativeTarget;
			buildConfigurationList = BE3D66B91ADD5E6B005665D5 /* Build configuration list for PBXNativeTarget "Jason Scharff" */;
			buildPhases = (
				BE3D66931ADD5E6B005665D5 /* Sources */,
				BE3D66941ADD5E6B005665D5 /* Frameworks */,
				BE3D66951ADD5E6B005665D5 /* Resources */,
			);
			buildRules = (
			);
			dependencies = (
			);
			name = "Jason Scharff";
			productName = "Jason Scharff";
			productReference = BE3D66971ADD5E6B005665D5 /* Jason Scharff.app */;
			productType = "com.apple.product-type.application";
		};
		BE3D66AE1ADD5E6B005665D5 /* Jason ScharffTests */ = {
			isa = PBXNativeTarget;
			buildConfigurationList = BE3D66BC1ADD5E6B005665D5 /* Build configuration list for PBXNativeTarget "Jason ScharffTests" */;
			buildPhases = (
				BE3D66AB1ADD5E6B005665D5 /* Sources */,
				BE3D66AC1ADD5E6B005665D5 /* Frameworks */,
				BE3D66AD1ADD5E6B005665D5 /* Resources */,
			);
			buildRules = (
			);
			dependencies = (
				BE3D66B11ADD5E6B005665D5 /* PBXTargetDependency */,
			);
			name = "Jason ScharffTests";
			productName = "Jason ScharffTests";
			productReference = BE3D66AF1ADD5E6B005665D5 /* Jason ScharffTests.xctest */;
			productType = "com.apple.product-type.bundle.unit-test";
		};
/* End PBXNativeTarget section */

/* Begin PBXProject section */
		BE3D668F1ADD5E6B005665D5 /* Project object */ = {
			isa = PBXProject;
			attributes = {
				LastUpgradeCheck = 0620;
				ORGANIZATIONNAME = "Jason Scharff";
				TargetAttributes = {
					BE3D66961ADD5E6B005665D5 = {
						CreatedOnToolsVersion = 6.2;
					};
					BE3D66AE1ADD5E6B005665D5 = {
						CreatedOnToolsVersion = 6.2;
						TestTargetID = BE3D66961ADD5E6B005665D5;
					};
				};
			};
			buildConfigurationList = BE3D66921ADD5E6B005665D5 /* Build configuration list for PBXProject "Jason Scharff" */;
			compatibilityVersion = "Xcode 3.2";
			developmentRegion = English;
			hasScannedForEncodings = 0;
			knownRegions = (
				en,
				Base,
			);
			mainGroup = BE3D668E1ADD5E6B005665D5;
			productRefGroup = BE3D66981ADD5E6B005665D5 /* Products */;
			projectDirPath = "";
			projectRoot = "";
			targets = (
				BE3D66961ADD5E6B005665D5 /* Jason Scharff */,
				BE3D66AE1ADD5E6B005665D5 /* Jason ScharffTests */,
			);
		};
/* End PBXProject section */

/* Begin PBXResourcesBuildPhase section */
		BE3D66951ADD5E6B005665D5 /* Resources */ = {
			isa = PBXResourcesBuildPhase;
			buildActionMask = 2147483647;
			files = (
				BEE0DEE41AECA3C2008ABCD2 /* Linkedin.png in Resources */,
				BEE0DEC81AEC74D6008ABCD2 /* menlo_logo.jpg in Resources */,
				BEE0DEEC1AECB0C8008ABCD2 /* phone.png in Resources */,
				BEE0DEE01AEC9AF5008ABCD2 /* jtf_logo.jpg in Resources */,
				BEE0DEBE1AEC5568008ABCD2 /* jockulus.mp4 in Resources */,
				BEE0DEBC1AEC4AF9008ABCD2 /* droneBuddy.mp4 in Resources */,
				BEE0DEEA1AECA6B0008ABCD2 /* mail.png in Resources */,
				BE3D66A51ADD5E6B005665D5 /* Main.storyboard in Resources */,
				BE3D66AA1ADD5E6B005665D5 /* LaunchScreen.xib in Resources */,
				BE3D66A71ADD5E6B005665D5 /* Images.xcassets in Resources */,
				BE8031AA1AE9FFA7007EA768 /* PlayButton.png in Resources */,
				BEFE057E1AE4B497004313B8 /* hshacks.png in Resources */,
				BEE0DEE21AEC9B97008ABCD2 /* s4s_logo.png in Resources */,
				BEE0DED01AEC8914008ABCD2 /* entefy.png in Resources */,
				BEE0DED61AEC91E5008ABCD2 /* tineraLogo.png in Resources */,
				BEFE05801AE4B497004313B8 /* techcrunch.png in Resources */,
				BEE0DEEE1AECB2B9008ABCD2 /* github.jpg in Resources */,
				BEFE057F1AE4B497004313B8 /* pennapps.png in Resources */,
				BEE0DED81AEC96A5008ABCD2 /* tineraDemo.mov in Resources */,
				BE8031A81AE9FF95007EA768 /* PauseButton.png in Resources */,
			);
			runOnlyForDeploymentPostprocessing = 0;
		};
		BE3D66AD1ADD5E6B005665D5 /* Resources */ = {
			isa = PBXResourcesBuildPhase;
			buildActionMask = 2147483647;
			files = (
			);
			runOnlyForDeploymentPostprocessing = 0;
		};
/* End PBXResourcesBuildPhase section */

/* Begin PBXSourcesBuildPhase section */
		BE3D66931ADD5E6B005665D5 /* Sources */ = {
			isa = PBXSourcesBuildPhase;
			buildActionMask = 2147483647;
			files = (
				BE114C151ADE1C9C002ECBD5 /* User.swift in Sources */,
				BE852CAF1AED54BA00838D35 /* UserAddedView.swift in Sources */,
				BEDC5C281ADF6D4C0086F03C /* Profile.swift in Sources */,
				BE852CB71AED770500838D35 /* AddStageTwo.swift in Sources */,
				BE71B3011AE47CBF00705BDF /* TechCrunch.swift in Sources */,
				BEE0DEDC1AEC99BA008ABCD2 /* Scholars4Scholars.swift in Sources */,
				BEE0DED41AEC8E4C008ABCD2 /* WorkPlace.swift in Sources */,
				BE852CB51AED5FC600838D35 /* UserView.swift in Sources */,
				BE852CB91AED846000838D35 /* AddUser.swift in Sources */,
				BEB73BB61AE9354A0098D370 /* VideoPlayer.swift in Sources */,
				BEE5A25E1AE7E55600F8B48F /* TTTAttributedLabel.m in Sources */,
				BE71B3051AE47CD100705BDF /* HSHacks.swift in Sources */,
				BE71B2FD1AE4623400705BDF /* Work.swift in Sources */,
				BE3D66A21ADD5E6B005665D5 /* ViewController.swift in Sources */,
				BEE0DEDE1AEC99C3008ABCD2 /* TeenFoundation.swift in Sources */,
				BE71B2F81AE461C700705BDF /* Hackathon.swift in Sources */,
				BE654B5A1AE1A8D30045175A /* URL.swift in Sources */,
				BE71B2FF1AE4626200705BDF /* Contact.swift in Sources */,
				BEEF6F9A1AE1833200FB4F9B /* CircleButton.swift in Sources */,
				BEE0DECE1AEC8842008ABCD2 /* GeniusBar.swift in Sources */,
				BEE0DEDA1AEC98D9008ABCD2 /* Volunteer.swift in Sources */,
				BE71B3031AE47CC700705BDF /* PennApps.swift in Sources */,
				BEE0DEC61AEC5CDD008ABCD2 /* WebView.swift in Sources */,
				BEE0DECC1AEC8816008ABCD2 /* Tinera.swift in Sources */,
				BEE0DECA1AEC83D4008ABCD2 /* Entefy.swift in Sources */,
				BEAF913B1AE5444100C4C897 /* SpecificHackathon.swift in Sources */,
				BE3D669D1ADD5E6B005665D5 /* AppDelegate.swift in Sources */,
				BE852CB31AED595E00838D35 /* AddStageOne.swift in Sources */,
				BEE0DEC41AEC58F0008ABCD2 /* Link.swift in Sources */,
				BE3D66A01ADD5E6B005665D5 /* Jason_Scharff.xcdatamodeld in Sources */,
				BE852CBB1AEDA4F500838D35 /* CustomViewObject.swift in Sources */,
				BE71B2FB1AE4621F00705BDF /* Education.swift in Sources */,
			);
			runOnlyForDeploymentPostprocessing = 0;
		};
		BE3D66AB1ADD5E6B005665D5 /* Sources */ = {
			isa = PBXSourcesBuildPhase;
			buildActionMask = 2147483647;
			files = (
				BE3D66B61ADD5E6B005665D5 /* Jason_ScharffTests.swift in Sources */,
			);
			runOnlyForDeploymentPostprocessing = 0;
		};
/* End PBXSourcesBuildPhase section */

/* Begin PBXTargetDependency section */
		BE3D66B11ADD5E6B005665D5 /* PBXTargetDependency */ = {
			isa = PBXTargetDependency;
			target = BE3D66961ADD5E6B005665D5 /* Jason Scharff */;
			targetProxy = BE3D66B01ADD5E6B005665D5 /* PBXContainerItemProxy */;
		};
/* End PBXTargetDependency section */

/* Begin PBXVariantGroup section */
		BE3D66A31ADD5E6B005665D5 /* Main.storyboard */ = {
			isa = PBXVariantGroup;
			children = (
				BE3D66A41ADD5E6B005665D5 /* Base */,
			);
			name = Main.storyboard;
			sourceTree = "<group>";
		};
		BE3D66A81ADD5E6B005665D5 /* LaunchScreen.xib */ = {
			isa = PBXVariantGroup;
			children = (
				BE3D66A91ADD5E6B005665D5 /* Base */,
			);
			name = LaunchScreen.xib;
			sourceTree = "<group>";
		};
/* End PBXVariantGroup section */

/* Begin XCBuildConfiguration section */
		BE3D66B71ADD5E6B005665D5 /* Debug */ = {
			isa = XCBuildConfiguration;
			buildSettings = {
				ALWAYS_SEARCH_USER_PATHS = NO;
				CLANG_CXX_LANGUAGE_STANDARD = "gnu++0x";
				CLANG_CXX_LIBRARY = "libc++";
				CLANG_ENABLE_MODULES = YES;
				CLANG_ENABLE_OBJC_ARC = YES;
				CLANG_WARN_BOOL_CONVERSION = YES;
				CLANG_WARN_CONSTANT_CONVERSION = YES;
				CLANG_WARN_DIRECT_OBJC_ISA_USAGE = YES_ERROR;
				CLANG_WARN_EMPTY_BODY = YES;
				CLANG_WARN_ENUM_CONVERSION = YES;
				CLANG_WARN_INT_CONVERSION = YES;
				CLANG_WARN_OBJC_ROOT_CLASS = YES_ERROR;
				CLANG_WARN_UNREACHABLE_CODE = YES;
				CLANG_WARN__DUPLICATE_METHOD_MATCH = YES;
				"CODE_SIGN_IDENTITY[sdk=iphoneos*]" = "iPhone Developer";
				COPY_PHASE_STRIP = NO;
				ENABLE_STRICT_OBJC_MSGSEND = YES;
				GCC_C_LANGUAGE_STANDARD = gnu99;
				GCC_DYNAMIC_NO_PIC = NO;
				GCC_OPTIMIZATION_LEVEL = 0;
				GCC_PREPROCESSOR_DEFINITIONS = (
					"DEBUG=1",
					"$(inherited)",
				);
				GCC_SYMBOLS_PRIVATE_EXTERN = NO;
				GCC_WARN_64_TO_32_BIT_CONVERSION = YES;
				GCC_WARN_ABOUT_RETURN_TYPE = YES_ERROR;
				GCC_WARN_UNDECLARED_SELECTOR = YES;
				GCC_WARN_UNINITIALIZED_AUTOS = YES_AGGRESSIVE;
				GCC_WARN_UNUSED_FUNCTION = YES;
				GCC_WARN_UNUSED_VARIABLE = YES;
				IPHONEOS_DEPLOYMENT_TARGET = 8.2;
				MTL_ENABLE_DEBUG_INFO = YES;
				ONLY_ACTIVE_ARCH = YES;
				SDKROOT = iphoneos;
				SWIFT_OPTIMIZATION_LEVEL = "-Onone";
			};
			name = Debug;
		};
		BE3D66B81ADD5E6B005665D5 /* Release */ = {
			isa = XCBuildConfiguration;
			buildSettings = {
				ALWAYS_SEARCH_USER_PATHS = NO;
				CLANG_CXX_LANGUAGE_STANDARD = "gnu++0x";
				CLANG_CXX_LIBRARY = "libc++";
				CLANG_ENABLE_MODULES = YES;
				CLANG_ENABLE_OBJC_ARC = YES;
				CLANG_WARN_BOOL_CONVERSION = YES;
				CLANG_WARN_CONSTANT_CONVERSION = YES;
				CLANG_WARN_DIRECT_OBJC_ISA_USAGE = YES_ERROR;
				CLANG_WARN_EMPTY_BODY = YES;
				CLANG_WARN_ENUM_CONVERSION = YES;
				CLANG_WARN_INT_CONVERSION = YES;
				CLANG_WARN_OBJC_ROOT_CLASS = YES_ERROR;
				CLANG_WARN_UNREACHABLE_CODE = YES;
				CLANG_WARN__DUPLICATE_METHOD_MATCH = YES;
				"CODE_SIGN_IDENTITY[sdk=iphoneos*]" = "iPhone Developer";
				COPY_PHASE_STRIP = NO;
				ENABLE_NS_ASSERTIONS = NO;
				ENABLE_STRICT_OBJC_MSGSEND = YES;
				GCC_C_LANGUAGE_STANDARD = gnu99;
				GCC_WARN_64_TO_32_BIT_CONVERSION = YES;
				GCC_WARN_ABOUT_RETURN_TYPE = YES_ERROR;
				GCC_WARN_UNDECLARED_SELECTOR = YES;
				GCC_WARN_UNINITIALIZED_AUTOS = YES_AGGRESSIVE;
				GCC_WARN_UNUSED_FUNCTION = YES;
				GCC_WARN_UNUSED_VARIABLE = YES;
				IPHONEOS_DEPLOYMENT_TARGET = 8.2;
				MTL_ENABLE_DEBUG_INFO = NO;
				SDKROOT = iphoneos;
				VALIDATE_PRODUCT = YES;
			};
			name = Release;
		};
		BE3D66BA1ADD5E6B005665D5 /* Debug */ = {
			isa = XCBuildConfiguration;
			buildSettings = {
				ASSETCATALOG_COMPILER_APPICON_NAME = AppIcon;
				CLANG_ENABLE_MODULES = YES;
				INFOPLIST_FILE = "Jason Scharff/Info.plist";
				LD_RUNPATH_SEARCH_PATHS = "$(inherited) @executable_path/Frameworks";
				PRODUCT_NAME = "$(TARGET_NAME)";
				SWIFT_OBJC_BRIDGING_HEADER = "Jason Scharff-Bridging-Header.h";
				SWIFT_OPTIMIZATION_LEVEL = "-Onone";
			};
			name = Debug;
		};
		BE3D66BB1ADD5E6B005665D5 /* Release */ = {
			isa = XCBuildConfiguration;
			buildSettings = {
				ASSETCATALOG_COMPILER_APPICON_NAME = AppIcon;
				CLANG_ENABLE_MODULES = YES;
				INFOPLIST_FILE = "Jason Scharff/Info.plist";
				LD_RUNPATH_SEARCH_PATHS = "$(inherited) @executable_path/Frameworks";
				PRODUCT_NAME = "$(TARGET_NAME)";
				SWIFT_OBJC_BRIDGING_HEADER = "Jason Scharff-Bridging-Header.h";
			};
			name = Release;
		};
		BE3D66BD1ADD5E6B005665D5 /* Debug */ = {
			isa = XCBuildConfiguration;
			buildSettings = {
				BUNDLE_LOADER = "$(TEST_HOST)";
				FRAMEWORK_SEARCH_PATHS = (
					"$(SDKROOT)/Developer/Library/Frameworks",
					"$(inherited)",
				);
				GCC_PREPROCESSOR_DEFINITIONS = (
					"DEBUG=1",
					"$(inherited)",
				);
				INFOPLIST_FILE = "Jason ScharffTests/Info.plist";
				LD_RUNPATH_SEARCH_PATHS = "$(inherited) @executable_path/Frameworks @loader_path/Frameworks";
				PRODUCT_NAME = "$(TARGET_NAME)";
				TEST_HOST = "$(BUILT_PRODUCTS_DIR)/Jason Scharff.app/Jason Scharff";
			};
			name = Debug;
		};
		BE3D66BE1ADD5E6B005665D5 /* Release */ = {
			isa = XCBuildConfiguration;
			buildSettings = {
				BUNDLE_LOADER = "$(TEST_HOST)";
				FRAMEWORK_SEARCH_PATHS = (
					"$(SDKROOT)/Developer/Library/Frameworks",
					"$(inherited)",
				);
				INFOPLIST_FILE = "Jason ScharffTests/Info.plist";
				LD_RUNPATH_SEARCH_PATHS = "$(inherited) @executable_path/Frameworks @loader_path/Frameworks";
				PRODUCT_NAME = "$(TARGET_NAME)";
				TEST_HOST = "$(BUILT_PRODUCTS_DIR)/Jason Scharff.app/Jason Scharff";
			};
			name = Release;
		};
/* End XCBuildConfiguration section */

/* Begin XCConfigurationList section */
		BE3D66921ADD5E6B005665D5 /* Build configuration list for PBXProject "Jason Scharff" */ = {
			isa = XCConfigurationList;
			buildConfigurations = (
				BE3D66B71ADD5E6B005665D5 /* Debug */,
				BE3D66B81ADD5E6B005665D5 /* Release */,
			);
			defaultConfigurationIsVisible = 0;
			defaultConfigurationName = Release;
		};
		BE3D66B91ADD5E6B005665D5 /* Build configuration list for PBXNativeTarget "Jason Scharff" */ = {
			isa = XCConfigurationList;
			buildConfigurations = (
				BE3D66BA1ADD5E6B005665D5 /* Debug */,
				BE3D66BB1ADD5E6B005665D5 /* Release */,
			);
			defaultConfigurationIsVisible = 0;
			defaultConfigurationName = Release;
		};
		BE3D66BC1ADD5E6B005665D5 /* Build configuration list for PBXNativeTarget "Jason ScharffTests" */ = {
			isa = XCConfigurationList;
			buildConfigurations = (
				BE3D66BD1ADD5E6B005665D5 /* Debug */,
				BE3D66BE1ADD5E6B005665D5 /* Release */,
			);
			defaultConfigurationIsVisible = 0;
			defaultConfigurationName = Release;
		};
/* End XCConfigurationList section */

/* Begin XCVersionGroup section */
		BE3D669E1ADD5E6B005665D5 /* Jason_Scharff.xcdatamodeld */ = {
			isa = XCVersionGroup;
			children = (
				BE3D669F1ADD5E6B005665D5 /* Jason_Scharff.xcdatamodel */,
			);
			currentVersion = BE3D669F1ADD5E6B005665D5 /* Jason_Scharff.xcdatamodel */;
			path = Jason_Scharff.xcdatamodeld;
			sourceTree = "<group>";
			versionGroupType = wrapper.xcdatamodel;
		};
/* End XCVersionGroup section */
	};
	rootObject = BE3D668F1ADD5E6B005665D5 /* Project object */;
}
